
Microsoft Visual Studio Solution File, Format Version 12.00
# Visual Studio Version 16
VisualStudioVersion = 16.0.29806.167
MinimumVisualStudioVersion = 10.0.40219.1
Project("{FAE04EC0-301F-11D3-BF4B-00C04F79EFBC}") = "AzureStorageTest", "AzureStorageTest.csproj", "{108CE917-0AB8-4381-92AF-5F32A2BEA527}"
EndProject
Global
	GlobalSection(SolutionConfigurationPlatforms) = preSolution
		Debug|Any CPU = Debug|Any CPU
		Release|Any CPU = Release|Any CPU
	EndGlobalSection
	GlobalSection(ProjectConfigurationPlatforms) = postSolution
		{108CE917-0AB8-4381-92AF-5F32A2BEA527}.Debug|Any CPU.ActiveCfg = Debug|Any CPU
		{108CE917-0AB8-4381-92AF-5F32A2BEA527}.Debug|Any CPU.Build.0 = Debug|Any CPU
		{108CE917-0AB8-4381-92AF-5F32A2BEA527}.Release|Any CPU.ActiveCfg = Release|Any CPU
		{108CE917-0AB8-4381-92AF-5F32A2BEA527}.Release|Any CPU.Build.0 = Release|Any CPU
	EndGlobalSection
	GlobalSection(SolutionProperties) = preSolution
		HideSolutionNode = FALSE
	EndGlobalSection
	GlobalSection(ExtensibilityGlobals) = postSolution
		SolutionGuid = {84398153-9239-43CC-92C9-73E27D9599B0}
	EndGlobalSection
EndGlobal
